
Microsoft Visual Studio Solution File, Format Version 12.00
# Visual Studio Version 17
VisualStudioVersion = 17.5.002.0
MinimumVisualStudioVersion = 10.0.40219.1
Project("{9A19103F-16F7-4668-BE54-9A1E7A4F7556}") = "168. Excel Sheet Column Title", "168. Excel Sheet Column Title.csproj", "{381606E7-B180-42F5-9CAB-CAC9BA923883}"
EndProject
Global
	GlobalSection(SolutionConfigurationPlatforms) = preSolution
		Debug|Any CPU = Debug|Any CPU
		Release|Any CPU = Release|Any CPU
	EndGlobalSection
	GlobalSection(ProjectConfigurationPlatforms) = postSolution
		{381606E7-B180-42F5-9CAB-CAC9BA923883}.Debug|Any CPU.ActiveCfg = Debug|Any CPU
		{381606E7-B180-42F5-9CAB-CAC9BA923883}.Debug|Any CPU.Build.0 = Debug|Any CPU
		{381606E7-B180-42F5-9CAB-CAC9BA923883}.Release|Any CPU.ActiveCfg = Release|Any CPU
		{381606E7-B180-42F5-9CAB-CAC9BA923883}.Release|Any CPU.Build.0 = Release|Any CPU
	EndGlobalSection
	GlobalSection(SolutionProperties) = preSolution
		HideSolutionNode = FALSE
	EndGlobalSection
	GlobalSection(ExtensibilityGlobals) = postSolution
		SolutionGuid = {C8A47722-2058-468E-9206-D81FC7D18528}
	EndGlobalSection
EndGlobal
